
Microsoft Visual Studio Solution File, Format Version 12.00
# Visual Studio 15
VisualStudioVersion = 15.0.27130.2024
MinimumVisualStudioVersion = 10.0.40219.1
Project("{FAE04EC0-301F-11D3-BF4B-00C04F79EFBC}") = "EuropeanChampionship.Presentation", "EuropeanChampionship\EuropeanChampionship.Presentation.csproj", "{EACCD803-D88E-4195-8680-2F26B3D0F7E5}"
EndProject
Project("{FAE04EC0-301F-11D3-BF4B-00C04F79EFBC}") = "EuropeanChampionship.Model", "EuropeanChampionship.Model\EuropeanChampionship.Model.csproj", "{A6AD7839-CB11-48CC-A3D1-3E4F34A90F07}"
EndProject
Project("{FAE04EC0-301F-11D3-BF4B-00C04F79EFBC}") = "EuropeanChampionship.DataAccessLayer", "EuropeanChampionship.DataAccessLayer\EuropeanChampionship.DataAccessLayer.csproj", "{A21C9DFF-8966-476D-B007-E61BF4D37A85}"
EndProject
Project("{FAE04EC0-301F-11D3-BF4B-00C04F79EFBC}") = "EuropeanChampionship.Controller", "EuropeanChampionship.Controller\EuropeanChampionship.Controller.csproj", "{B94CC37D-2697-4D42-89BC-3532F33681C8}"
EndProject
Project("{FAE04EC0-301F-11D3-BF4B-00C04F79EFBC}") = "EuropeanChampionship.BaseLib", "EuropeanChampionship.BaseLib\EuropeanChampionship.BaseLib.csproj", "{F2059968-6D59-4D3F-B60F-B7C1963A8FEC}"
EndProject
Global
	GlobalSection(SolutionConfigurationPlatforms) = preSolution
		Debug|Any CPU = Debug|Any CPU
		Release|Any CPU = Release|Any CPU
	EndGlobalSection
	GlobalSection(ProjectConfigurationPlatforms) = postSolution
		{EACCD803-D88E-4195-8680-2F26B3D0F7E5}.Debug|Any CPU.ActiveCfg = Debug|Any CPU
		{EACCD803-D88E-4195-8680-2F26B3D0F7E5}.Debug|Any CPU.Build.0 = Debug|Any CPU
		{EACCD803-D88E-4195-8680-2F26B3D0F7E5}.Release|Any CPU.ActiveCfg = Release|Any CPU
		{EACCD803-D88E-4195-8680-2F26B3D0F7E5}.Release|Any CPU.Build.0 = Release|Any CPU
		{A6AD7839-CB11-48CC-A3D1-3E4F34A90F07}.Debug|Any CPU.ActiveCfg = Debug|Any CPU
		{A6AD7839-CB11-48CC-A3D1-3E4F34A90F07}.Debug|Any CPU.Build.0 = Debug|Any CPU
		{A6AD7839-CB11-48CC-A3D1-3E4F34A90F07}.Release|Any CPU.ActiveCfg = Release|Any CPU
		{A6AD7839-CB11-48CC-A3D1-3E4F34A90F07}.Release|Any CPU.Build.0 = Release|Any CPU
		{A21C9DFF-8966-476D-B007-E61BF4D37A85}.Debug|Any CPU.ActiveCfg = Debug|Any CPU
		{A21C9DFF-8966-476D-B007-E61BF4D37A85}.Debug|Any CPU.Build.0 = Debug|Any CPU
		{A21C9DFF-8966-476D-B007-E61BF4D37A85}.Release|Any CPU.ActiveCfg = Release|Any CPU
		{A21C9DFF-8966-476D-B007-E61BF4D37A85}.Release|Any CPU.Build.0 = Release|Any CPU
		{B94CC37D-2697-4D42-89BC-3532F33681C8}.Debug|Any CPU.ActiveCfg = Debug|Any CPU
		{B94CC37D-2697-4D42-89BC-3532F33681C8}.Debug|Any CPU.Build.0 = Debug|Any CPU
		{B94CC37D-2697-4D42-89BC-3532F33681C8}.Release|Any CPU.ActiveCfg = Release|Any CPU
		{B94CC37D-2697-4D42-89BC-3532F33681C8}.Release|Any CPU.Build.0 = Release|Any CPU
		{F2059968-6D59-4D3F-B60F-B7C1963A8FEC}.Debug|Any CPU.ActiveCfg = Debug|Any CPU
		{F2059968-6D59-4D3F-B60F-B7C1963A8FEC}.Debug|Any CPU.Build.0 = Debug|Any CPU
		{F2059968-6D59-4D3F-B60F-B7C1963A8FEC}.Release|Any CPU.ActiveCfg = Release|Any CPU
		{F2059968-6D59-4D3F-B60F-B7C1963A8FEC}.Release|Any CPU.Build.0 = Release|Any CPU
	EndGlobalSection
	GlobalSection(SolutionProperties) = preSolution
		HideSolutionNode = FALSE
	EndGlobalSection
	GlobalSection(ExtensibilityGlobals) = postSolution
		SolutionGuid = {10044447-F8FB-4307-A4BE-F5F06496B9B7}
	EndGlobalSection
EndGlobal
